
Microsoft Visual Studio Solution File, Format Version 12.00
# Visual Studio Version 17
VisualStudioVersion = 17.5.33414.496
MinimumVisualStudioVersion = 10.0.40219.1
Project("{9A19103F-16F7-4668-BE54-9A1E7A4F7556}") = "RouteDistanceFinder.Core", "RouteDistanceFinder.Core\RouteDistanceFinder.Core.csproj", "{5AD57573-4047-4BE2-9963-E619EC81FB24}"
EndProject
Project("{9A19103F-16F7-4668-BE54-9A1E7A4F7556}") = "RouteDistanceFinder.App", "RouteDistanceFinder.App\RouteDistanceFinder.App.csproj", "{179130AA-BA12-42C6-9B99-8C346C2FB8A7}"
EndProject
Project("{9A19103F-16F7-4668-BE54-9A1E7A4F7556}") = "RouteDistanceFinder.Tests", "RouteDistanceFinder.Tests\RouteDistanceFinder.Tests.csproj", "{A903A4EE-F88D-4818-AD61-088737681D4E}"
EndProject
Global
	GlobalSection(SolutionConfigurationPlatforms) = preSolution
		Debug|Any CPU = Debug|Any CPU
		Release|Any CPU = Release|Any CPU
	EndGlobalSection
	GlobalSection(ProjectConfigurationPlatforms) = postSolution
		{5AD57573-4047-4BE2-9963-E619EC81FB24}.Debug|Any CPU.ActiveCfg = Debug|Any CPU
		{5AD57573-4047-4BE2-9963-E619EC81FB24}.Debug|Any CPU.Build.0 = Debug|Any CPU
		{5AD57573-4047-4BE2-9963-E619EC81FB24}.Release|Any CPU.ActiveCfg = Release|Any CPU
		{5AD57573-4047-4BE2-9963-E619EC81FB24}.Release|Any CPU.Build.0 = Release|Any CPU
		{179130AA-BA12-42C6-9B99-8C346C2FB8A7}.Debug|Any CPU.ActiveCfg = Debug|Any CPU
		{179130AA-BA12-42C6-9B99-8C346C2FB8A7}.Debug|Any CPU.Build.0 = Debug|Any CPU
		{179130AA-BA12-42C6-9B99-8C346C2FB8A7}.Release|Any CPU.ActiveCfg = Release|Any CPU
		{179130AA-BA12-42C6-9B99-8C346C2FB8A7}.Release|Any CPU.Build.0 = Release|Any CPU
		{A903A4EE-F88D-4818-AD61-088737681D4E}.Debug|Any CPU.ActiveCfg = Debug|Any CPU
		{A903A4EE-F88D-4818-AD61-088737681D4E}.Debug|Any CPU.Build.0 = Debug|Any CPU
		{A903A4EE-F88D-4818-AD61-088737681D4E}.Release|Any CPU.ActiveCfg = Release|Any CPU
		{A903A4EE-F88D-4818-AD61-088737681D4E}.Release|Any CPU.Build.0 = Release|Any CPU
	EndGlobalSection
	GlobalSection(SolutionProperties) = preSolution
		HideSolutionNode = FALSE
	EndGlobalSection
	GlobalSection(ExtensibilityGlobals) = postSolution
		SolutionGuid = {4C73052B-25FD-4F15-BF66-8C13B81A4CAF}
	EndGlobalSection
EndGlobal
